# THIS IS AN AUTOGENERATED FILE. DO NOT EDIT THIS FILE DIRECTLY.
# yarn lockfile v1


"@esbuild/aix-ppc64@0.28.2":
  version "0.28.2"
  resolved "https://registry.yarnpkg.com/@esbuild/aix-ppc64/-/aix-ppc64-0.28.2.tgz#bf6e10303bcf2e7c686975fa52f937ec2728d8bc"
  integrity sha512-XExcO+dvLKvVtNTibSTBej1NCAbaGhWn9Ww1ZPx80qsahhPFe/8jgWP0IchNe0F3HwkU7n8ejhH8bjonqht8mQ==

"@esbuild/android-arm64@0.28.2":
  version "0.28.2"
  resolved "https://registry.yarnpkg.com/@esbuild/android-arm64/-/android-arm64-0.28.2.tgz#0c6246bc8d2c4d172aac2db3fb1190d72bd65504"
  integrity sha512-5YfKeeI8qWfBZIX+u2xZC3Zlb3Os/gLS2sbEKM+I4ZOcsWmHS2WLysCcQZDAFRslDUU5Oiq44gf6PYN1vGwG5A==

"@esbuild/android-arm@0.28.2":
  version "0.28.2"
  resolved "https://registry.yarnpkg.com/@esbuild/android-arm/-/android-arm-0.28.2.tgz#2d84ece6a4e2684d92be26ee13d42757d831c381"
  integrity sha512-kXXoiPVVGQcnIYGOeaovwOURpniDBpSq4A03qkQ+BMQqtGG6HYap3xne9C1O1yo4TR3qxlCX5IqqmX6fFo2Lqg==

"@esbuild/android-x64@0.28.2":
  version "0.28.2"
  resolved "https://registry.yarnpkg.com/@esbuild/android-x64/-/android-x64-0.28.2.tgz#fc38d4d6358d8dc1cf53f09f7589fe436eb64801"
  integrity sha512-O387ite7SzUyCcy3JQX4P4bLtEA7bLLkx+esve5JHnyYfNTxcVpXZo9jhdB0lTKN44gztELTdU7nS8Nr16Fs1Q==

"@esbuild/darwin-arm64@0.28.2":
  version "0.28.2"
  resolved "https://registry.yarnpkg.com/@esbuild/darwin-arm64/-/darwin-arm64-0.28.2.tgz#f83afeeac1d7dac01c7a2fd012b3e451a0591fcc"
  integrity sha512-n4KqkOQrraxHJcgjM1RvwbigfQKIKJVpM7xp+KsxiyUSrRdIXnt73VhrPAx0fV44hgfmIVKjxMN9J1t5jySVkw==

"@esbuild/darwin-x64@0.28.2":
  version "0.28.2"
  resolved "https://registry.yarnpkg.com/@esbuild/darwin-x64/-/darwin-x64-0.28.2.tgz#510147c055a795588dbbe14fd6b1b8ad0a2f30de"
  integrity sha512-uq6suIWYP37qzGddBKPw5QEQPi6HiLGsO7UmkpfyaYNQ3D+rN6w6WfwH+nuqcGXWvawGwxOEroO4YGnFh95azw==

"@esbuild/freebsd-arm64@0.28.2":
  version "0.28.2"
  resolved "https://registry.yarnpkg.com/@esbuild/freebsd-arm64/-/freebsd-arm64-0.28.2.tgz#093b9200ecf0b115ba4e5e248a7485c9c5f8bd5e"
  integrity sha512-n+I0BTSRIoy+d6RPKnEVwql5UwBJolytvY4mAOIEJorKlqgPII8ix6slVVrfZ5Tnj7glIZvloylbB/EJPMWEXw==

"@esbuild/freebsd-x64@0.28.2":
  version "0.28.2"
  resolved "https://registry.yarnpkg.com/@esbuild/freebsd-x64/-/freebsd-x64-0.28.2.tgz#0be22b6df925d213e841ea87123af5df80b0faf7"
  integrity sha512-78XJTJkvPs0kz2w61301PJjXl4g7q3JqiYMZ/M/yVI73EHBrCRTgkhu9oqG7vPqq+a/yadEW8aD+agKlk5xrmg==

"@esbuild/linux-arm64@0.28.2":
  version "0.28.2"
  resolved "https://registry.yarnpkg.com/@esbuild/linux-arm64/-/linux-arm64-0.28.2.tgz#1bdbc651cda9ba9995c53ed9c71ceaa65094762d"
  integrity sha512-pW4AC0P3it8c7do9MVM4p51FzHzdM/TZrerurgRcHJ2WTa1VQ1CIq18xncfpBJw4ojkiZZrKW2yIBWBP92j6Ug==

"@esbuild/linux-arm@0.28.2":
  version "0.28.2"
  resolved "https://registry.yarnpkg.com/@esbuild/linux-arm/-/linux-arm-0.28.2.tgz#beb12ad72b84f72d28488cc1b8ee9f7eb141d753"
  integrity sha512-XlDnu2q5yoqems+xay6wSAcg9DDD7K9RLKZEBOMZm3ckNpJBvOX20tSfby8KfrrhINDyv9V2YVZKY/SpoGJI8w==

"@esbuild/linux-ia32@0.28.2":
  version "0.28.2"
  resolved "https://registry.yarnpkg.com/@esbuild/linux-ia32/-/linux-ia32-0.28.2.tgz#b81f9d55529b45c206a46a138214b1aa6879696b"
  integrity sha512-CYbnj78HsIeA+DhgUKgFCfvNsTHFhMMrinUrMZpDXJXKN8T3XViTZ/+wtHeVxEWY8ewSzTFN+nRmSwO2tZaLUQ==

"@esbuild/linux-loong64@0.28.2":
  version "0.28.2"
  resolved "https://registry.yarnpkg.com/@esbuild/linux-loong64/-/linux-loong64-0.28.2.tgz#598667241a04c99b76ed6ef940ac50038c419f98"
  integrity sha512-buwkd8nsph4R+ajRvw0qM5Hja/TXQow3ptzWO2EbG/cqcIkHloRrdlBtQlshyYGTNFvfkfJ5tpPLVkY4DtsPfQ==

"@esbuild/linux-mips64el@0.28.2":
  version "0.28.2"
  resolved "https://registry.yarnpkg.com/@esbuild/linux-mips64el/-/linux-mips64el-0.28.2.tgz#1c51eb9cea903f53d97b5af3b1841db70f5596ca"
  integrity sha512-ZVykbDyk7519VwiNb9Lcj9m8XM6v5V9uKPvrEMkkEedVewf+0itkhahp4HDpgERXhwLRpWFypsGbG/J8s0QjJA==

"@esbuild/linux-ppc64@0.28.2":
  version "0.28.2"
  resolved "https://registry.yarnpkg.com/@esbuild/linux-ppc64/-/linux-ppc64-0.28.2.tgz#63dd61f17ceb31a81227f413feac8a71bc2c51f2"
  integrity sha512-CAXl+Dtd9UUuJd8pKKdwh6MLm3MUMiqMPmhZ3tTSXPqfyQ3vDl6R5hZdZ/kYojK4ofXtdfSv1tFq8XzWx3heNQ==

"@esbuild/linux-riscv64@0.28.2":
  version "0.28.2"
  resolved "https://registry.yarnpkg.com/@esbuild/linux-riscv64/-/linux-riscv64-0.28.2.tgz#3763b08fde5cf25ab1facb8e7752edfe45fbfc27"
  integrity sha512-GeXCej4IQtU1B+QlDV8W/RRvbzI3O/Stss+/bCXv4lZls5WGRtu2a+3JkA3i4qIUlMXpcHebWpF8AkJhATowuA==

"@esbuild/linux-s390x@0.28.2":
  version "0.28.2"
  resolved "https://registry.yarnpkg.com/@esbuild/linux-s390x/-/linux-s390x-0.28.2.tgz#1a137ff293a82906eb3176385bd7e8e0e5cfb7cb"
  integrity sha512-3H1weTYZPxt/WOhByszQZybS9w5lKzUn1FDMsgEChbHWQwHYQQRfBxgCcZvPhjHfKyJjIievvMmEUawJrdY9Dg==

"@esbuild/linux-x64@0.28.2":
  version "0.28.2"
  resolved "https://registry.yarnpkg.com/@esbuild/linux-x64/-/linux-x64-0.28.2.tgz#268b36211c146ca54f8fe12c578a8d6ef8979485"
  integrity sha512-4xTZr1FUmSoQW4XIWmit3tzQrUTZM+N3P0XV8xROKYF50XfI7xeO90+1bZvNwxIufQ9hDQVRJH5YhgPVF8A/HQ==

"@esbuild/netbsd-arm64@0.28.2":
  version "0.28.2"
  resolved "https://registry.yarnpkg.com/@esbuild/netbsd-arm64/-/netbsd-arm64-0.28.2.tgz#22571ad951d62bb6accc82d8d1fad5c8c1ac0ba1"
  integrity sha512-sSATRjPeDBg3pdgHoQfoYBob11Kk1FGa9lui5RIHZCoCkJa9QKlvl3/vKz2usCmYYjs7ymJR/2Nnsqe+Hjt5nw==

"@esbuild/netbsd-x64@0.28.2":
  version "0.28.2"
  resolved "https://registry.yarnpkg.com/@esbuild/netbsd-x64/-/netbsd-x64-0.28.2.tgz#42fcc57297eb0a0ca3f5fc475291f4c1a3f7c0de"
  integrity sha512-lqnzCV+mM0gIADaKihiCg6ifgfU2L3h5E33rNQBN1Y4MaVGnzryzmvvf7UHxprpQdE8hpqLolJ9Rl+SkIRDpyw==

"@esbuild/openbsd-arm64@0.28.2":
  version "0.28.2"
  resolved "https://registry.yarnpkg.com/@esbuild/openbsd-arm64/-/openbsd-arm64-0.28.2.tgz#9eb32af104ac3dacf4edca01f596664aab0c73ef"
  integrity sha512-AL2qJILH7lNjrDmCQDvdxMfAUIv8KMNZOvrwAQ8i8//ntL9FflhOyMJ8OZSMBb8/AWXe3/5v5S20y3zCoZWKoQ==

"@esbuild/openbsd-x64@0.28.2":
  version "0.28.2"
  resolved "https://registry.yarnpkg.com/@esbuild/openbsd-x64/-/openbsd-x64-0.28.2.tgz#febed2402d6088225e91f20fb4ce2522ad0a4efd"
  integrity sha512-QtiuPytchRyC4rwUKhexJdQKvDuZ6hWloi3igqPQNUJCS1/v9EiO3UTOXR6A3FoMo4fnAKbWJdqaIwhOzh8qEw==

"@esbuild/openharmony-arm64@0.28.2":
  version "0.28.2"
  resolved "https://registry.yarnpkg.com/@esbuild/openharmony-arm64/-/openharmony-arm64-0.28.2.tgz#85641c3d466428bfbccea5f21c26836663fef5ce"
  integrity sha512-WkhYDmpTjLvGlScA1rwjRUmhl4k8oXR3cIbtqWmELgU/dFeHHlEllxDvdWcNJV9rbzCexB5vz8gtNewWLgCT7Q==

"@esbuild/sunos-x64@0.28.2":
  version "0.28.2"
  resolved "https://registry.yarnpkg.com/@esbuild/sunos-x64/-/sunos-x64-0.28.2.tgz#a736f9d8962481045fc4c3e54f5479f22c870fb4"
  integrity sha512-GPMSkTOtMnv2U2F8gxe4Io6qmVs+YKyp832Etqqxr0hFngmXQ3rzwytelm3GIn7T4VviRUlf3sOgBOiTdvaf7g==

"@esbuild/win32-arm64@0.28.2":
  version "0.28.2"
  resolved "https://registry.yarnpkg.com/@esbuild/win32-arm64/-/win32-arm64-0.28.2.tgz#ee5ab40fad186201b652a33f8a5eb149e9e42532"
  integrity sha512-PIhhEkE9uPBleRBrQEJpUn7MBnibZzbGzYWPmY3x+YoVg/95zbjB4CxPPOQ8l5tYYM4mMaCthF8/1DIfBQQyWQ==

"@esbuild/win32-ia32@0.28.2":
  version "0.28.2"
  resolved "https://registry.yarnpkg.com/@esbuild/win32-ia32/-/win32-ia32-0.28.2.tgz#c40d28a6d99a127da6711f2afd74b11cb63b06a7"
  integrity sha512-YmJbfTlvU7Sdn9BB+4PRES4oB6pxgS37MAONj+hBr/cpXS1aBPKXxNnDbu+QCWPj0o9dgyxeq79g6c5P8KeuYA==

"@esbuild/win32-x64@0.28.2":
  version "0.28.2"
  resolved "https://registry.yarnpkg.com/@esbuild/win32-x64/-/win32-x64-0.28.2.tgz#b21affb804cc167c133d95f45b3a1dc1323b9a87"
  integrity sha512-5ebpxr3nWMzrL/rnUI755Jkuee0bHL/Gq0WTF9lvcpv73wAp5eu8MfBUgWK9bhWvZjj7yX8etf/8tI8Ney695g==

"@rollup/rollup-android-arm-eabi@4.60.1":
  version "4.60.1"
  resolved "https://registry.yarnpkg.com/@rollup/rollup-android-arm-eabi/-/rollup-android-arm-eabi-4.60.1.tgz#043f145716234529052ef9e1ce1d847ffbe9e674"
  integrity sha512-d6FinEBLdIiK+1uACUttJKfgZREXrF0Qc2SmLII7W2AD8FfiZ9Wjd+rD/iRuf5s5dWrr1GgwXCvPqOuDquOowA==

"@rollup/rollup-android-arm64@4.60.1":
  version "4.60.1"
  resolved "https://registry.yarnpkg.com/@rollup/rollup-android-arm64/-/rollup-android-arm64-4.60.1.tgz#023e1bd146e7519087dfd9e8b29e4cf9f8ecd35c"
  integrity sha512-YjG/EwIDvvYI1YvYbHvDz/BYHtkY4ygUIXHnTdLhG+hKIQFBiosfWiACWortsKPKU/+dUwQQCKQM3qrDe8c9BA==

"@rollup/rollup-darwin-arm64@4.60.1":
  version "4.60.1"
  resolved "https://registry.yarnpkg.com/@rollup/rollup-darwin-arm64/-/rollup-darwin-arm64-4.60.1.tgz#55ccb5487c02419954c57a7a80602885d616e1ee"
  integrity sha512-mjCpF7GmkRtSJwon+Rq1N8+pI+8l7w5g9Z3vWj4T7abguC4Czwi3Yu/pFaLvA3TTeMVjnu3ctigusqWUfjZzvw==

"@rollup/rollup-darwin-x64@4.60.1":
  version "4.60.1"
  resolved "https://registry.yarnpkg.com/@rollup/rollup-darwin-x64/-/rollup-darwin-x64-4.60.1.tgz#254b65404b14488c83225e88b8819376ad71a784"
  integrity sha512-haZ7hJ1JT4e9hqkoT9R/19XW2QKqjfJVv+i5AGg57S+nLk9lQnJ1F/eZloRO3o9Scy9CM3wQ9l+dkXtcBgN5Ew==

"@rollup/rollup-freebsd-arm64@4.60.1":
  version "4.60.1"
  resolved "https://registry.yarnpkg.com/@rollup/rollup-freebsd-arm64/-/rollup-freebsd-arm64-4.60.1.tgz#6377ff38c052c76fcaffb7b2728d3172fe676fe6"
  integrity sha512-czw90wpQq3ZsAVBlinZjAYTKduOjTywlG7fEeWKUA7oCmpA8xdTkxZZlwNJKWqILlq0wehoZcJYfBvOyhPTQ6w==

"@rollup/rollup-freebsd-x64@4.60.1":
  version "4.60.1"
  resolved "https://registry.yarnpkg.com/@rollup/rollup-freebsd-x64/-/rollup-freebsd-x64-4.60.1.tgz#ba3902309d088eaf7139b916f09b7140b28b406d"
  integrity sha512-KVB2rqsxTHuBtfOeySEyzEOB7ltlB/ux38iu2rBQzkjbwRVlkhAGIEDiiYnO2kFOkJp+Z7pUXKyrRRFuFUKt+g==

"@rollup/rollup-linux-arm-gnueabihf@4.60.1":
  version "4.60.1"
  resolved "https://registry.yarnpkg.com/@rollup/rollup-linux-arm-gnueabihf/-/rollup-linux-arm-gnueabihf-4.60.1.tgz#e011b9a14638267e53b446286e838dbdaf53f167"
  integrity sha512-L+34Qqil+v5uC0zEubW7uByo78WOCIrBvci69E7sFASRl0X7b/MB6Cqd1lky/CtcSVTydWa2WZwFuWexjS5o6g==

"@rollup/rollup-linux-arm-musleabihf@4.60.1":
  version "4.60.1"
  resolved "https://registry.yarnpkg.com/@rollup/rollup-linux-arm-musleabihf/-/rollup-linux-arm-musleabihf-4.60.1.tgz#0bce9ce9a009490abd28fd922dd97ed521311afe"
  integrity sha512-n83O8rt4v34hgFzlkb1ycniJh7IR5RCIqt6mz1VRJD6pmhRi0CXdmfnLu9dIUS6buzh60IvACM842Ffb3xd6Gg==

"@rollup/rollup-linux-arm64-gnu@4.60.1":
  version "4.60.1"
  resolved "https://registry.yarnpkg.com/@rollup/rollup-linux-arm64-gnu/-/rollup-linux-arm64-gnu-4.60.1.tgz#6f6cfbbf324fbb4ceff213abdf7f322fd45d25ff"
  integrity sha512-Nql7sTeAzhTAja3QXeAI48+/+GjBJ+QmAH13snn0AJSNL50JsDqotyudHyMbO2RbJkskbMbFJfIJKWA6R1LCJQ==

"@rollup/rollup-linux-arm64-musl@4.60.1":
  version "4.60.1"
  resolved "https://registry.yarnpkg.com/@rollup/rollup-linux-arm64-musl/-/rollup-linux-arm64-musl-4.60.1.tgz#f7cb3eecaea9c151ef77342af05f38ae924bf795"
  integrity sha512-+pUymDhd0ys9GcKZPPWlFiZ67sTWV5UU6zOJat02M1+PiuSGDziyRuI/pPue3hoUwm2uGfxdL+trT6Z9rxnlMA==

"@rollup/rollup-linux-loong64-gnu@4.60.1":
  version "4.60.1"
  resolved "https://registry.yarnpkg.com/@rollup/rollup-linux-loong64-gnu/-/rollup-linux-loong64-gnu-4.60.1.tgz#499bfac6bb669fd88bb664357bf6be996a28b92f"
  integrity sha512-VSvgvQeIcsEvY4bKDHEDWcpW4Yw7BtlKG1GUT4FzBUlEKQK0rWHYBqQt6Fm2taXS+1bXvJT6kICu5ZwqKCnvlQ==

"@rollup/rollup-linux-loong64-musl@4.60.1":
  version "4.60.1"
  resolved "https://registry.yarnpkg.com/@rollup/rollup-linux-loong64-musl/-/rollup-linux-loong64-musl-4.60.1.tgz#127dfac08764764396bbe04453c545d38a3ab518"
  integrity sha512-4LqhUomJqwe641gsPp6xLfhqWMbQV04KtPp7/dIp0nzPxAkNY1AbwL5W0MQpcalLYk07vaW9Kp1PBhdpZYYcEw==

"@rollup/rollup-linux-ppc64-gnu@4.60.1":
  version "4.60.1"
  resolved "https://registry.yarnpkg.com/@rollup/rollup-linux-ppc64-gnu/-/rollup-linux-ppc64-gnu-4.60.1.tgz#6a72f4d95852aac18326c5bf708393e8f3a41b70"
  integrity sha512-tLQQ9aPvkBxOc/EUT6j3pyeMD6Hb8QF2BTBnCQWP/uu1lhc9AIrIjKnLYMEroIz/JvtGYgI9dF3AxHZNaEH0rw==

"@rollup/rollup-linux-ppc64-musl@4.60.1":
  version "4.60.1"
  resolved "https://registry.yarnpkg.com/@rollup/rollup-linux-ppc64-musl/-/rollup-linux-ppc64-musl-4.60.1.tgz#ba8674666b00d6f9066cb9a5771a8430c34d2de6"
  integrity sha512-RMxFhJwc9fSXP6PqmAz4cbv3kAyvD1etJFjTx4ONqFP9DkTkXsAMU4v3Vyc5BgzC+anz7nS/9tp4obsKfqkDHg==

"@rollup/rollup-linux-riscv64-gnu@4.60.1":
  version "4.60.1"
  resolved "https://registry.yarnpkg.com/@rollup/rollup-linux-riscv64-gnu/-/rollup-linux-riscv64-gnu-4.60.1.tgz#17cc38b2a71e302547cad29bcf78d0db2618c922"
  integrity sha512-QKgFl+Yc1eEk6MmOBfRHYF6lTxiiiV3/z/BRrbSiW2I7AFTXoBFvdMEyglohPj//2mZS4hDOqeB0H1ACh3sBbg==

"@rollup/rollup-linux-riscv64-musl@4.60.1":
  version "4.60.1"
  resolved "https://registry.yarnpkg.com/@rollup/rollup-linux-riscv64-musl/-/rollup-linux-riscv64-musl-4.60.1.tgz#e36a41e2d8bd247331bd5cfc13b8c951d33454a2"
  integrity sha512-RAjXjP/8c6ZtzatZcA1RaQr6O1TRhzC+adn8YZDnChliZHviqIjmvFwHcxi4JKPSDAt6Uhf/7vqcBzQJy0PDJg==

"@rollup/rollup-linux-s390x-gnu@4.60.1":
  version "4.60.1"
  resolved "https://registry.yarnpkg.com/@rollup/rollup-linux-s390x-gnu/-/rollup-linux-s390x-gnu-4.60.1.tgz#1687265f1f4bdea0726c761a58c2db9933609d68"
  integrity sha512-wcuocpaOlaL1COBYiA89O6yfjlp3RwKDeTIA0hM7OpmhR1Bjo9j31G1uQVpDlTvwxGn2nQs65fBFL5UFd76FcQ==

"@rollup/rollup-linux-x64-gnu@4.60.1":
  version "4.60.1"
  resolved "https://registry.yarnpkg.com/@rollup/rollup-linux-x64-gnu/-/rollup-linux-x64-gnu-4.60.1.tgz#56a6a0d9076f2a05a976031493b24a20ddcc0e77"
  integrity sha512-77PpsFQUCOiZR9+LQEFg9GClyfkNXj1MP6wRnzYs0EeWbPcHs02AXu4xuUbM1zhwn3wqaizle3AEYg5aeoohhg==

"@rollup/rollup-linux-x64-musl@4.60.1":
  version "4.60.1"
  resolved "https://registry.yarnpkg.com/@rollup/rollup-linux-x64-musl/-/rollup-linux-x64-musl-4.60.1.tgz#bc240ebb5b9fd8d41ca8a80cb458452e8c187e0f"
  integrity sha512-5cIATbk5vynAjqqmyBjlciMJl1+R/CwX9oLk/EyiFXDWd95KpHdrOJT//rnUl4cUcskrd0jCCw3wpZnhIHdD9w==

"@rollup/rollup-openbsd-x64@4.60.1":
  version "4.60.1"
  resolved "https://registry.yarnpkg.com/@rollup/rollup-openbsd-x64/-/rollup-openbsd-x64-4.60.1.tgz#6f80d48a006c4b2ffa7724e95a3e33f6975872af"
  integrity sha512-cl0w09WsCi17mcmWqqglez9Gk8isgeWvoUZ3WiJFYSR3zjBQc2J5/ihSjpl+VLjPqjQ/1hJRcqBfLjssREQILw==

"@rollup/rollup-openharmony-arm64@4.60.1":
  version "4.60.1"
  resolved "https://registry.yarnpkg.com/@rollup/rollup-openharmony-arm64/-/rollup-openharmony-arm64-4.60.1.tgz#8f6db6f70d0a48abd833b263cd6dd3e7199c4c0e"
  integrity sha512-4Cv23ZrONRbNtbZa37mLSueXUCtN7MXccChtKpUnQNgF010rjrjfHx3QxkS2PI7LqGT5xXyYs1a7LbzAwT0iCA==

"@rollup/rollup-win32-arm64-msvc@4.60.1":
  version "4.60.1"
  resolved "https://registry.yarnpkg.com/@rollup/rollup-win32-arm64-msvc/-/rollup-win32-arm64-msvc-4.60.1.tgz#b68989bfa815d0b3d4e302ecd90bda744438b177"
  integrity sha512-i1okWYkA4FJICtr7KpYzFpRTHgy5jdDbZiWfvny21iIKky5YExiDXP+zbXzm3dUcFpkEeYNHgQ5fuG236JPq0g==

"@rollup/rollup-win32-ia32-msvc@4.60.1":
  version "4.60.1"
  resolved "https://registry.yarnpkg.com/@rollup/rollup-win32-ia32-msvc/-/rollup-win32-ia32-msvc-4.60.1.tgz#c098e45338c50f22f1b288476354f025b746285b"
  integrity sha512-u09m3CuwLzShA0EYKMNiFgcjjzwqtUMLmuCJLeZWjjOYA3IT2Di09KaxGBTP9xVztWyIWjVdsB2E9goMjZvTQg==

"@rollup/rollup-win32-x64-gnu@4.60.1":
  version "4.60.1"
  resolved "https://registry.yarnpkg.com/@rollup/rollup-win32-x64-gnu/-/rollup-win32-x64-gnu-4.60.1.tgz#2c9e15be155b79d05999953b1737b2903842e903"
  integrity sha512-k+600V9Zl1CM7eZxJgMyTUzmrmhB/0XZnF4pRypKAlAgxmedUA+1v9R+XOFv56W4SlHEzfeMtzujLJD22Uz5zg==

"@rollup/rollup-win32-x64-msvc@4.60.1":
  version "4.60.1"
  resolved "https://registry.yarnpkg.com/@rollup/rollup-win32-x64-msvc/-/rollup-win32-x64-msvc-4.60.1.tgz#23b860113e9f87eea015d1fa3a4240a52b42fcd4"
  integrity sha512-lWMnixq/QzxyhTV6NjQJ4SFo1J6PvOX8vUx5Wb4bBPsEb+8xZ89Bz6kOXpfXj9ak9AHTQVQzlgzBEc1SyM27xQ==

"@types/estree@1.0.8":
  version "1.0.8"
  resolved "https://registry.yarnpkg.com/@types/estree/-/estree-1.0.8.tgz#958b91c991b1867ced318bedea0e215ee050726e"
  integrity sha512-dWHzHa2WqEXI/O1E9OjrocMTKJl2mSrEolh1Iomrv6U+JuNwaHXsXx9bLu5gG7BUWFIN0skIQJQ/L1rIex4X6w==

"esbuild@^0.27.0 || ^0.28.0":
  version "0.28.2"
  resolved "https://registry.yarnpkg.com/esbuild/-/esbuild-0.28.2.tgz#0f43bd1bad955b72d24e2261e3abe5957ccf0816"
  integrity sha512-HKVLS8dvII+xoKW9kmqxbRKrnWEXfJJr/FZhhJmiqIB0e053QNYFqOBouTMO/k5sID4MvCiUCvv8b9M4h32wIA==
  optionalDependencies:
    "@esbuild/aix-ppc64" "0.28.2"
    "@esbuild/android-arm" "0.28.2"
    "@esbuild/android-arm64" "0.28.2"
    "@esbuild/android-x64" "0.28.2"
    "@esbuild/darwin-arm64" "0.28.2"
    "@esbuild/darwin-x64" "0.28.2"
    "@esbuild/freebsd-arm64" "0.28.2"
    "@esbuild/freebsd-x64" "0.28.2"
    "@esbuild/linux-arm" "0.28.2"
    "@esbuild/linux-arm64" "0.28.2"
    "@esbuild/linux-ia32" "0.28.2"
    "@esbuild/linux-loong64" "0.28.2"
    "@esbuild/linux-mips64el" "0.28.2"
    "@esbuild/linux-ppc64" "0.28.2"
    "@esbuild/linux-riscv64" "0.28.2"
    "@esbuild/linux-s390x" "0.28.2"
    "@esbuild/linux-x64" "0.28.2"
    "@esbuild/netbsd-arm64" "0.28.2"
    "@esbuild/netbsd-x64" "0.28.2"
    "@esbuild/openbsd-arm64" "0.28.2"
    "@esbuild/openbsd-x64" "0.28.2"
    "@esbuild/openharmony-arm64" "0.28.2"
    "@esbuild/sunos-x64" "0.28.2"
    "@esbuild/win32-arm64" "0.28.2"
    "@esbuild/win32-ia32" "0.28.2"
    "@esbuild/win32-x64" "0.28.2"

fdir@^6.5.0:
  version "6.5.0"
  resolved "https://registry.yarnpkg.com/fdir/-/fdir-6.5.0.tgz#ed2ab967a331ade62f18d077dae192684d50d350"
  integrity sha512-tIbYtZbucOs0BRGqPJkshJUYdL+SDH7dVM8gjy+ERp3WAUjLEFJE+02kanyHtwjWOnwrKYBiwAmM0p4kLJAnXg==

fsevents@~2.3.2, fsevents@~2.3.3:
  version "2.3.3"
  resolved "https://registry.yarnpkg.com/fsevents/-/fsevents-2.3.3.tgz#cac6407785d03675a2a5e1a5305c697b347d90d6"
  integrity sha512-5xoDfX+fL7faATnagmWPpbFtwh/R77WmMMqqHGS65C3vvB0YHrgF+B1YmZ3441tMj5n63k0212XNoJwzlhffQw==

nanoid@^3.3.17:
  version "3.3.18"
  resolved "https://registry.yarnpkg.com/nanoid/-/nanoid-3.3.18.tgz#f66a2de1199ffde0fcf21c8a5f13106b1c081913"
  integrity sha512-DTg4MJbGMWkfi6VZFdNt2/caMbQy4Ou+Op/hJQvGEWcnVfoA1QA+xzRKAzw9jD6+GVOOeYr/mIcuDSdug6F6+w==

picocolors@^1.1.1:
  version "1.1.1"
  resolved "https://registry.yarnpkg.com/picocolors/-/picocolors-1.1.1.tgz#3d321af3eab939b083c8f929a1d12cda81c26b6b"
  integrity sha512-xceH2snhtb5M9liqDsmEw56le376mTZkEX/jEb/RxNFyegNul7eNslCXP9FDj/Lcu0X8KEyMceP2ntpaHrDEVA==

picomatch@^4.0.3:
  version "4.0.4"
  resolved "https://registry.yarnpkg.com/picomatch/-/picomatch-4.0.4.tgz#fd6f5e00a143086e074dffe4c924b8fb293b0589"
  integrity sha512-QP88BAKvMam/3NxH6vj2o21R6MjxZUAd6nlwAS/pnGvN9IVLocLHxGYIzFhg6fUQ+5th6P4dv4eW9jX3DSIj7A==

postcss@^8.5.6:
  version "8.5.26"
  resolved "https://registry.yarnpkg.com/postcss/-/postcss-8.5.26.tgz#6e75135780c7e10df3433bf2266c552d35c8c620"
  integrity sha512-u82N74LFzG8ca+dD8puPnplTXoGH4fTPpVGuIbt36G3qvNlkvfD0lEAZSxaly3KX8TS/L1A1gsCEmvKmBcVbkQ==
  dependencies:
    nanoid "^3.3.17"
    picocolors "^1.1.1"
    source-map-js "^1.2.1"

rollup@^4.43.0:
  version "4.60.1"
  resolved "https://registry.yarnpkg.com/rollup/-/rollup-4.60.1.tgz#b4aa2bcb3a5e1437b5fad40d43fe42d4bde7a42d"
  integrity sha512-VmtB2rFU/GroZ4oL8+ZqXgSA38O6GR8KSIvWmEFv63pQ0G6KaBH9s07PO8XTXP4vI+3UJUEypOfjkGfmSBBR0w==
  dependencies:
    "@types/estree" "1.0.8"
  optionalDependencies:
    "@rollup/rollup-android-arm-eabi" "4.60.1"
    "@rollup/rollup-android-arm64" "4.60.1"
    "@rollup/rollup-darwin-arm64" "4.60.1"
    "@rollup/rollup-darwin-x64" "4.60.1"
    "@rollup/rollup-freebsd-arm64" "4.60.1"
    "@rollup/rollup-freebsd-x64" "4.60.1"
    "@rollup/rollup-linux-arm-gnueabihf" "4.60.1"
    "@rollup/rollup-linux-arm-musleabihf" "4.60.1"
    "@rollup/rollup-linux-arm64-gnu" "4.60.1"
    "@rollup/rollup-linux-arm64-musl" "4.60.1"
    "@rollup/rollup-linux-loong64-gnu" "4.60.1"
    "@rollup/rollup-linux-loong64-musl" "4.60.1"
    "@rollup/rollup-linux-ppc64-gnu" "4.60.1"
    "@rollup/rollup-linux-ppc64-musl" "4.60.1"
    "@rollup/rollup-linux-riscv64-gnu" "4.60.1"
    "@rollup/rollup-linux-riscv64-musl" "4.60.1"
    "@rollup/rollup-linux-s390x-gnu" "4.60.1"
    "@rollup/rollup-linux-x64-gnu" "4.60.1"
    "@rollup/rollup-linux-x64-musl" "4.60.1"
    "@rollup/rollup-openbsd-x64" "4.60.1"
    "@rollup/rollup-openharmony-arm64" "4.60.1"
    "@rollup/rollup-win32-arm64-msvc" "4.60.1"
    "@rollup/rollup-win32-ia32-msvc" "4.60.1"
    "@rollup/rollup-win32-x64-gnu" "4.60.1"
    "@rollup/rollup-win32-x64-msvc" "4.60.1"
    fsevents "~2.3.2"

source-map-js@^1.2.1:
  version "1.2.1"
  resolved "https://registry.yarnpkg.com/source-map-js/-/source-map-js-1.2.1.tgz#1ce5650fddd87abc099eda37dcff024c2667ae46"
  integrity sha512-UXWMKhLOwVKb728IUtQPXxfYU+usdybtUrK/8uGE8CQMvrhOpwvzDBwj0QhSL7MQc7vIsISBG8VQ8+IDQxpfQA==

tinyglobby@^0.2.15:
  version "0.2.15"
  resolved "https://registry.yarnpkg.com/tinyglobby/-/tinyglobby-0.2.15.tgz#e228dd1e638cea993d2fdb4fcd2d4602a79951c2"
  integrity sha512-j2Zq4NyQYG5XMST4cbs02Ak8iJUdxRM0XI5QyxXuZOzKOINmWurp3smXu3y5wDcJrptwpSjgXHzIQxR0omXljQ==
  dependencies:
    fdir "^6.5.0"
    picomatch "^4.0.3"

underscore@^1.13.8:
  version "1.13.8"
  resolved "https://registry.yarnpkg.com/underscore/-/underscore-1.13.8.tgz#a93a21186c049dbf0e847496dba72b7bd8c1e92b"
  integrity sha512-DXtD3ZtEQzc7M8m4cXotyHR+FAS18C64asBYY5vqZexfYryNNnDc02W4hKg3rdQuqOYas1jkseX0+nZXjTXnvQ==

vite@^7.3.6:
  version "7.3.6"
  resolved "https://registry.yarnpkg.com/vite/-/vite-7.3.6.tgz#0547a395e68d3746e9a505f1fd4469fe09b49cc4"
  integrity sha512-4XP60spRGjSZFf1qYH+dJIkK2znL3zQfl9KkOV9MkkRR/3Dls0dxaBsQPTloEc5BLXWPL9vsOxopxyKoMmDueg==
  dependencies:
    esbuild "^0.27.0 || ^0.28.0"
    fdir "^6.5.0"
    picomatch "^4.0.3"
    postcss "^8.5.6"
    rollup "^4.43.0"
    tinyglobby "^0.2.15"
  optionalDependencies:
    fsevents "~2.3.3"
